{
  "name": "h8-code-convention",
  "version": "0.0.1",
  "lockfileVersion": 3,
  "requires": true,
  "packages": {
    "": {
      "name": "h8-code-convention",
      "version": "0.0.1",
      "license": "UNLICENSED",
      "workspaces": [
        "packages/eslint-config-hacktiv8-base"
      ]
    },
    "node_modules/@hacktiv8/eslint-config-base": {
      "resolved": "packages/eslint-config-hacktiv8-base",
      "link": true
    },
    "packages/eslint-config-hacktiv8-base": {
      "name": "@hacktiv8/eslint-config-base",
      "version": "0.0.1",
      "license": "UNLICENSED"
    }
  }
}
